// !$*UTF8*$!
{
	archiveVersion = 1;
	classes = {
	};
	objectVersion = 46;
	objects = {

/* Begin PBXBuildFile section */
		491F0FCB1C2FE8E800A24AF0 /* 58.jpg in Resources */ = {isa = PBXBuildFile; fileRef = 491F0FCA1C2FE8E800A24AF0 /* 58.jpg */; };
		492F45611C2E1F63001643CA /* ThirdController.m in Sources */ = {isa = PBXBuildFile; fileRef = 492F45601C2E1F63001643CA /* ThirdController.m */; };
		492F463B1C2E6F46001643CA /* t2.jpg in Resources */ = {isa = PBXBuildFile; fileRef = 492F463A1C2E6F46001643CA /* t2.jpg */; };
		492F463D1C2E7D38001643CA /* b.png in Resources */ = {isa = PBXBuildFile; fileRef = 492F463C1C2E7D38001643CA /* b.png */; };
		498789EE1C2D409F0094AF32 /* main.m in Sources */ = {isa = PBXBuildFile; fileRef = 498789ED1C2D409F0094AF32 /* main.m */; };
		498789F11C2D409F0094AF32 /* AppDelegate.m in Sources */ = {isa = PBXBuildFile; fileRef = 498789F01C2D409F0094AF32 /* AppDelegate.m */; };
		498789F41C2D409F0094AF32 /* ViewController.m in Sources */ = {isa = PBXBuildFile; fileRef = 498789F31C2D409F0094AF32 /* ViewController.m */; };
		498789F71C2D409F0094AF32 /* Main.storyboard in Resources */ = {isa = PBXBuildFile; fileRef = 498789F51C2D409F0094AF32 /* Main.storyboard */; };
		498789F91C2D409F0094AF32 /* Assets.xcassets in Resources */ = {isa = PBXBuildFile; fileRef = 498789F81C2D409F0094AF32 /* Assets.xcassets */; };
		498789FC1C2D409F0094AF32 /* LaunchScreen.storyboard in Resources */ = {isa = PBXBuildFile; fileRef = 498789FA1C2D409F0094AF32 /* LaunchScreen.storyboard */; };
		49878A071C2D409F0094AF32 /* UI_____Tests.m in Sources */ = {isa = PBXBuildFile; fileRef = 49878A061C2D409F0094AF32 /* UI_____Tests.m */; };
		49878A121C2D409F0094AF32 /* UI_____UITests.m in Sources */ = {isa = PBXBuildFile; fileRef = 49878A111C2D409F0094AF32 /* UI_____UITests.m */; };
		49878A5F1C2D74EF0094AF32 /* Contacts.plist in Resources */ = {isa = PBXBuildFile; fileRef = 49878A5E1C2D74EE0094AF32 /* Contacts.plist */; };
		49878A621C2D7E600094AF32 /* SecondController.m in Sources */ = {isa = PBXBuildFile; fileRef = 49878A611C2D7E600094AF32 /* SecondController.m */; };
		F3D3E8851C2F0E5700F35131 /* 11.jpg in Resources */ = {isa = PBXBuildFile; fileRef = F3D3E86E1C2F0E5700F35131 /* 11.jpg */; };
		F3D3E8861C2F0E5700F35131 /* 12.jpg in Resources */ = {isa = PBXBuildFile; fileRef = F3D3E86F1C2F0E5700F35131 /* 12.jpg */; };
		F3D3E8871C2F0E5700F35131 /* 19.jpg in Resources */ = {isa = PBXBuildFile; fileRef = F3D3E8701C2F0E5700F35131 /* 19.jpg */; };
		F3D3E8881C2F0E5700F35131 /* 20.jpg in Resources */ = {isa = PBXBuildFile; fileRef = F3D3E8711C2F0E5700F35131 /* 20.jpg */; };
		F3D3E8891C2F0E5700F35131 /* 29.jpg in Resources */ = {isa = PBXBuildFile; fileRef = F3D3E8721C2F0E5700F35131 /* 29.jpg */; };
		F3D3E88A1C2F0E5700F35131 /* 35.jpg in Resources */ = {isa = PBXBuildFile; fileRef = F3D3E8731C2F0E5700F35131 /* 35.jpg */; };
		F3D3E88B1C2F0E5700F35131 /* 37.jpg in Resources */ = {isa = PBXBuildFile; fileRef = F3D3E8741C2F0E5700F35131 /* 37.jpg */; };
		F3D3E88C1C2F0E5700F35131 /* 38.jpg in Resources */ = {isa = PBXBuildFile; fileRef = F3D3E8751C2F0E5700F35131 /* 38.jpg */; };
		F3D3E88D1C2F0E5700F35131 /* 40.jpg in Resources */ = {isa = PBXBuildFile; fileRef = F3D3E8761C2F0E5700F35131 /* 40.jpg */; };
		F3D3E88E1C2F0E5700F35131 /* 44.jpg in Resources */ = {isa = PBXBuildFile; fileRef = F3D3E8771C2F0E5700F35131 /* 44.jpg */; };
		F3D3E88F1C2F0E5700F35131 /* 45.jpg in Resources */ = {isa = PBXBuildFile; fileRef = F3D3E8781C2F0E5700F35131 /* 45.jpg */; };
		F3D3E8901C2F0E5700F35131 /* 51.jpg in Resources */ = {isa = PBXBuildFile; fileRef = F3D3E8791C2F0E5700F35131 /* 51.jpg */; };
		F3D3E8911C2F0E5700F35131 /* 52.jpg in Resources */ = {isa = PBXBuildFile; fileRef = F3D3E87A1C2F0E5700F35131 /* 52.jpg */; };
		F3D3E8921C2F0E5700F35131 /* 54.jpg in Resources */ = {isa = PBXBuildFile; fileRef = F3D3E87B1C2F0E5700F35131 /* 54.jpg */; };
		F3D3E8931C2F0E5700F35131 /* 59.jpg in Resources */ = {isa = PBXBuildFile; fileRef = F3D3E87C1C2F0E5700F35131 /* 59.jpg */; };
		F3D3E8941C2F0E5700F35131 /* 60.jpg in Resources */ = {isa = PBXBuildFile; fileRef = F3D3E87D1C2F0E5700F35131 /* 60.jpg */; };
		F3D3E8951C2F0E5700F35131 /* 61.jpg in Resources */ = {isa = PBXBuildFile; fileRef = F3D3E87E1C2F0E5700F35131 /* 61.jpg */; };
		F3D3E8961C2F0E5700F35131 /* 62.jpg in Resources */ = {isa = PBXBuildFile; fileRef = F3D3E87F1C2F0E5700F35131 /* 62.jpg */; };
		F3D3E8971C2F0E5700F35131 /* 63.jpg in Resources */ = {isa = PBXBuildFile; fileRef = F3D3E8801C2F0E5700F35131 /* 63.jpg */; };
		F3D3E8981C2F0E5700F35131 /* 65.jpg in Resources */ = {isa = PBXBuildFile; fileRef = F3D3E8811C2F0E5700F35131 /* 65.jpg */; };
		F3D3E8991C2F0E5700F35131 /* 67.jpg in Resources */ = {isa = PBXBuildFile; fileRef = F3D3E8821C2F0E5700F35131 /* 67.jpg */; };
		F3D3E89A1C2F0E5700F35131 /* 68.jpg in Resources */ = {isa = PBXBuildFile; fileRef = F3D3E8831C2F0E5700F35131 /* 68.jpg */; };
		F3D3E89C1C2F11DC00F35131 /* 10.jpg in Resources */ = {isa = PBXBuildFile; fileRef = F3D3E89B1C2F11DC00F35131 /* 10.jpg */; };
		F3D3E89E1C2F12C800F35131 /* 66.jpg in Resources */ = {isa = PBXBuildFile; fileRef = F3D3E89D1C2F12C800F35131 /* 66.jpg */; };
		F3D3E8A01C2F146A00F35131 /* u.png in Resources */ = {isa = PBXBuildFile; fileRef = F3D3E89F1C2F146A00F35131 /* u.png */; };
		F3FC8F341C2D9CE1006C302A /* LTView.m in Sources */ = {isa = PBXBuildFile; fileRef = F3FC8F331C2D9CE1006C302A /* LTView.m */; };
/* End PBXBuildFile section */

/* Begin PBXContainerItemProxy section */
		49878A031C2D409F0094AF32 /* PBXContainerItemProxy */ = {
			isa = PBXContainerItemProxy;
			containerPortal = 498789E11C2D409F0094AF32 /* Project object */;
			proxyType = 1;
			remoteGlobalIDString = 498789E81C2D409F0094AF32;
			remoteInfo = "UI_分区练习";
		};
		49878A0E1C2D409F0094AF32 /* PBXContainerItemProxy */ = {
			isa = PBXContainerItemProxy;
			containerPortal = 498789E11C2D409F0094AF32 /* Project object */;
			proxyType = 1;
			remoteGlobalIDString = 498789E81C2D409F0094AF32;
			remoteInfo = "UI_分区练习";
		};
/* End PBXContainerItemProxy section */

/* Begin PBXFileReference section */
		491F0FCA1C2FE8E800A24AF0 /* 58.jpg */ = {isa = PBXFileReference; lastKnownFileType = image.jpeg; path = 58.jpg; sourceTree = "<group>"; };
		492F455F1C2E1F63001643CA /* ThirdController.h */ = {isa = PBXFileReference; fileEncoding = 4; lastKnownFileType = sourcecode.c.h; path = ThirdController.h; sourceTree = "<group>"; };
		492F45601C2E1F63001643CA /* ThirdController.m */ = {isa = PBXFileReference; fileEncoding = 4; lastKnownFileType = sourcecode.c.objc; path = ThirdController.m; sourceTree = "<group>"; };
		492F463A1C2E6F46001643CA /* t2.jpg */ = {isa = PBXFileReference; lastKnownFileType = image.jpeg; path = t2.jpg; sourceTree = "<group>"; };
		492F463C1C2E7D38001643CA /* b.png */ = {isa = PBXFileReference; lastKnownFileType = image.png; path = b.png; sourceTree = "<group>"; };
		498789E91C2D409F0094AF32 /* UI_分区练习.app */ = {isa = PBXFileReference; explicitFileType = wrapper.application; includeInIndex = 0; path = "UI_分区练习.app"; sourceTree = BUILT_PRODUCTS_DIR; };
		498789ED1C2D409F0094AF32 /* main.m */ = {isa = PBXFileReference; lastKnownFileType = sourcecode.c.objc; path = main.m; sourceTree = "<group>"; };
		498789EF1C2D409F0094AF32 /* AppDelegate.h */ = {isa = PBXFileReference; lastKnownFileType = sourcecode.c.h; path = AppDelegate.h; sourceTree = "<group>"; };
		498789F01C2D409F0094AF32 /* AppDelegate.m */ = {isa = PBXFileReference; lastKnownFileType = sourcecode.c.objc; path = AppDelegate.m; sourceTree = "<group>"; };
		498789F21C2D409F0094AF32 /* ViewController.h */ = {isa = PBXFileReference; lastKnownFileType = sourcecode.c.h; path = ViewController.h; sourceTree = "<group>"; };
		498789F31C2D409F0094AF32 /* ViewController.m */ = {isa = PBXFileReference; lastKnownFileType = sourcecode.c.objc; path = ViewController.m; sourceTree = "<group>"; };
		498789F61C2D409F0094AF32 /* Base */ = {isa = PBXFileReference; lastKnownFileType = file.storyboard; name = Base; path = Base.lproj/Main.storyboard; sourceTree = "<group>"; };
		498789F81C2D409F0094AF32 /* Assets.xcassets */ = {isa = PBXFileReference; lastKnownFileType = folder.assetcatalog; path = Assets.xcassets; sourceTree = "<group>"; };
		498789FB1C2D409F0094AF32 /* Base */ = {isa = PBXFileReference; lastKnownFileType = file.storyboard; name = Base; path = Base.lproj/LaunchScreen.storyboard; sourceTree = "<group>"; };
		498789FD1C2D409F0094AF32 /* Info.plist */ = {isa = PBXFileReference; lastKnownFileType = text.plist.xml; path = Info.plist; sourceTree = "<group>"; };
		49878A021C2D409F0094AF32 /* UI_分区练习Tests.xctest */ = {isa = PBXFileReference; explicitFileType = wrapper.cfbundle; includeInIndex = 0; path = "UI_分区练习Tests.xctest"; sourceTree = BUILT_PRODUCTS_DIR; };
		49878A061C2D409F0094AF32 /* UI_____Tests.m */ = {isa = PBXFileReference; lastKnownFileType = sourcecode.c.objc; path = "UI_____Tests.m"; sourceTree = "<group>"; };
		49878A081C2D409F0094AF32 /* Info.plist */ = {isa = PBXFileReference; lastKnownFileType = text.plist.xml; path = Info.plist; sourceTree = "<group>"; };
		49878A0D1C2D409F0094AF32 /* UI_分区练习UITests.xctest */ = {isa = PBXFileReference; explicitFileType = wrapper.cfbundle; includeInIndex = 0; path = "UI_分区练习UITests.xctest"; sourceTree = BUILT_PRODUCTS_DIR; };
		49878A111C2D409F0094AF32 /* UI_____UITests.m */ = {isa = PBXFileReference; lastKnownFileType = sourcecode.c.objc; path = "UI_____UITests.m"; sourceTree = "<group>"; };
		49878A131C2D409F0094AF32 /* Info.plist */ = {isa = PBXFileReference; lastKnownFileType = text.plist.xml; path = Info.plist; sourceTree = "<group>"; };
		49878A5E1C2D74EE0094AF32 /* Contacts.plist */ = {isa = PBXFileReference; fileEncoding = 4; lastKnownFileType = text.plist.xml; path = Contacts.plist; sourceTree = "<group>"; };
		49878A601C2D7E600094AF32 /* SecondController.h */ = {isa = PBXFileReference; fileEncoding = 4; lastKnownFileType = sourcecode.c.h; path = SecondController.h; sourceTree = "<group>"; };
		49878A611C2D7E600094AF32 /* SecondController.m */ = {isa = PBXFileReference; fileEncoding = 4; lastKnownFileType = sourcecode.c.objc; path = SecondController.m; sourceTree = "<group>"; };
		F3D3E86E1C2F0E5700F35131 /* 11.jpg */ = {isa = PBXFileReference; lastKnownFileType = image.jpeg; path = 11.jpg; sourceTree = "<group>"; };
		F3D3E86F1C2F0E5700F35131 /* 12.jpg */ = {isa = PBXFileReference; lastKnownFileType = image.jpeg; path = 12.jpg; sourceTree = "<group>"; };
		F3D3E8701C2F0E5700F35131 /* 19.jpg */ = {isa = PBXFileReference; lastKnownFileType = image.jpeg; path = 19.jpg; sourceTree = "<group>"; };
		F3D3E8711C2F0E5700F35131 /* 20.jpg */ = {isa = PBXFileReference; lastKnownFileType = image.jpeg; path = 20.jpg; sourceTree = "<group>"; };
		F3D3E8721C2F0E5700F35131 /* 29.jpg */ = {isa = PBXFileReference; lastKnownFileType = image.jpeg; path = 29.jpg; sourceTree = "<group>"; };
		F3D3E8731C2F0E5700F35131 /* 35.jpg */ = {isa = PBXFileReference; lastKnownFileType = image.jpeg; path = 35.jpg; sourceTree = "<group>"; };
		F3D3E8741C2F0E5700F35131 /* 37.jpg */ = {isa = PBXFileReference; lastKnownFileType = image.jpeg; path = 37.jpg; sourceTree = "<group>"; };
		F3D3E8751C2F0E5700F35131 /* 38.jpg */ = {isa = PBXFileReference; lastKnownFileType = image.jpeg; path = 38.jpg; sourceTree = "<group>"; };
		F3D3E8761C2F0E5700F35131 /* 40.jpg */ = {isa = PBXFileReference; lastKnownFileType = image.jpeg; path = 40.jpg; sourceTree = "<group>"; };
		F3D3E8771C2F0E5700F35131 /* 44.jpg */ = {isa = PBXFileReference; lastKnownFileType = image.jpeg; path = 44.jpg; sourceTree = "<group>"; };
		F3D3E8781C2F0E5700F35131 /* 45.jpg */ = {isa = PBXFileReference; lastKnownFileType = image.jpeg; path = 45.jpg; sourceTree = "<group>"; };
		F3D3E8791C2F0E5700F35131 /* 51.jpg */ = {isa = PBXFileReference; lastKnownFileType = image.jpeg; path = 51.jpg; sourceTree = "<group>"; };
		F3D3E87A1C2F0E5700F35131 /* 52.jpg */ = {isa = PBXFileReference; lastKnownFileType = image.jpeg; path = 52.jpg; sourceTree = "<group>"; };
		F3D3E87B1C2F0E5700F35131 /* 54.jpg */ = {isa = PBXFileReference; lastKnownFileType = image.jpeg; path = 54.jpg; sourceTree = "<group>"; };
		F3D3E87C1C2F0E5700F35131 /* 59.jpg */ = {isa = PBXFileReference; lastKnownFileType = image.jpeg; path = 59.jpg; sourceTree = "<group>"; };
		F3D3E87D1C2F0E5700F35131 /* 60.jpg */ = {isa = PBXFileReference; lastKnownFileType = image.jpeg; path = 60.jpg; sourceTree = "<group>"; };
		F3D3E87E1C2F0E5700F35131 /* 61.jpg */ = {isa = PBXFileReference; lastKnownFileType = image.jpeg; path = 61.jpg; sourceTree = "<group>"; };
		F3D3E87F1C2F0E5700F35131 /* 62.jpg */ = {isa = PBXFileReference; lastKnownFileType = image.jpeg; path = 62.jpg; sourceTree = "<group>"; };
		F3D3E8801C2F0E5700F35131 /* 63.jpg */ = {isa = PBXFileReference; lastKnownFileType = image.jpeg; path = 63.jpg; sourceTree = "<group>"; };
		F3D3E8811C2F0E5700F35131 /* 65.jpg */ = {isa = PBXFileReference; lastKnownFileType = image.jpeg; path = 65.jpg; sourceTree = "<group>"; };
		F3D3E8821C2F0E5700F35131 /* 67.jpg */ = {isa = PBXFileReference; lastKnownFileType = image.jpeg; path = 67.jpg; sourceTree = "<group>"; };
		F3D3E8831C2F0E5700F35131 /* 68.jpg */ = {isa = PBXFileReference; lastKnownFileType = image.jpeg; path = 68.jpg; sourceTree = "<group>"; };
		F3D3E89B1C2F11DC00F35131 /* 10.jpg */ = {isa = PBXFileReference; lastKnownFileType = image.jpeg; path = 10.jpg; sourceTree = "<group>"; };
		F3D3E89D1C2F12C800F35131 /* 66.jpg */ = {isa = PBXFileReference; lastKnownFileType = image.jpeg; path = 66.jpg; sourceTree = "<group>"; };
		F3D3E89F1C2F146A00F35131 /* u.png */ = {isa = PBXFileReference; lastKnownFileType = image.png; path = u.png; sourceTree = "<group>"; };
		F3FC8F321C2D9CE1006C302A /* LTView.h */ = {isa = PBXFileReference; fileEncoding = 4; lastKnownFileType = sourcecode.c.h; path = LTView.h; sourceTree = "<group>"; };
		F3FC8F331C2D9CE1006C302A /* LTView.m */ = {isa = PBXFileReference; fileEncoding = 4; lastKnownFileType = sourcecode.c.objc; path = LTView.m; sourceTree = "<group>"; };
/* End PBXFileReference section */

/* Begin PBXFrameworksBuildPhase section */
		498789E61C2D409F0094AF32 /* Frameworks */ = {
			isa = PBXFrameworksBuildPhase;
			buildActionMask = 2147483647;
			files = (
			);
			runOnlyForDeploymentPostprocessing = 0;
		};
		498789FF1C2D409F0094AF32 /* Frameworks */ = {
			isa = PBXFrameworksBuildPhase;
			buildActionMask = 2147483647;
			files = (
			);
			runOnlyForDeploymentPostprocessing = 0;
		};
		49878A0A1C2D409F0094AF32 /* Frameworks */ = {
			isa = PBXFrameworksBuildPhase;
			buildActionMask = 2147483647;
			files = (
			);
			runOnlyForDeploymentPostprocessing = 0;
		};
/* End PBXFrameworksBuildPhase section */

/* Begin PBXGroup section */
		492F45621C2E3F1C001643CA /* controller */ = {
			isa = PBXGroup;
			children = (
			);
			name = controller;
			sourceTree = "<group>";
		};
		492F45631C2E4363001643CA /* 班级图片 */ = {
			isa = PBXGroup;
			children = (
				F3D3E86C1C2F0E5700F35131 /* 卡通头像 */,
				492F45641C2E439A001643CA /* imgs */,
			);
			name = "班级图片";
			sourceTree = "<group>";
		};
		492F45641C2E439A001643CA /* imgs */ = {
			isa = PBXGroup;
			children = (
			);
			path = imgs;
			sourceTree = "<group>";
		};
		492F463E1C2E8546001643CA /* view */ = {
			isa = PBXGroup;
			children = (
				F3FC8F321C2D9CE1006C302A /* LTView.h */,
				F3FC8F331C2D9CE1006C302A /* LTView.m */,
			);
			name = view;
			sourceTree = "<group>";
		};
		492F463F1C2E854F001643CA /* controller */ = {
			isa = PBXGroup;
			children = (
				49878A601C2D7E600094AF32 /* SecondController.h */,
				49878A611C2D7E600094AF32 /* SecondController.m */,
			);
			name = controller;
			sourceTree = "<group>";
		};
		492F46401C2E855B001643CA /* pag.2 */ = {
			isa = PBXGroup;
			children = (
				492F463F1C2E854F001643CA /* controller */,
				492F463E1C2E8546001643CA /* view */,
			);
			name = pag.2;
			sourceTree = "<group>";
		};
		492F46411C2E880C001643CA /* controller */ = {
			isa = PBXGroup;
			children = (
				492F455F1C2E1F63001643CA /* ThirdController.h */,
				492F45601C2E1F63001643CA /* ThirdController.m */,
			);
			name = controller;
			sourceTree = "<group>";
		};
		492F46421C2E8818001643CA /* pag.3 */ = {
			isa = PBXGroup;
			children = (
				492F46411C2E880C001643CA /* controller */,
			);
			name = pag.3;
			sourceTree = "<group>";
		};
		492F46431C2E887F001643CA /* pag.1 */ = {
			isa = PBXGroup;
			children = (
				492F45621C2E3F1C001643CA /* controller */,
			);
			name = pag.1;
			sourceTree = "<group>";
		};
		498789E01C2D409F0094AF32 = {
			isa = PBXGroup;
			children = (
				492F45631C2E4363001643CA /* 班级图片 */,
				498789EB1C2D409F0094AF32 /* UI_分区练习 */,
				49878A051C2D409F0094AF32 /* UI_分区练习Tests */,
				49878A101C2D409F0094AF32 /* UI_分区练习UITests */,
				498789EA1C2D409F0094AF32 /* Products */,
			);
			sourceTree = "<group>";
		};
		498789EA1C2D409F0094AF32 /* Products */ = {
			isa = PBXGroup;
			children = (
				498789E91C2D409F0094AF32 /* UI_分区练习.app */,
				49878A021C2D409F0094AF32 /* UI_分区练习Tests.xctest */,
				49878A0D1C2D409F0094AF32 /* UI_分区练习UITests.xctest */,
			);
			name = Products;
			sourceTree = "<group>";
		};
		498789EB1C2D409F0094AF32 /* UI_分区练习 */ = {
			isa = PBXGroup;
			children = (
				492F463A1C2E6F46001643CA /* t2.jpg */,
				F3D3E89F1C2F146A00F35131 /* u.png */,
				492F463C1C2E7D38001643CA /* b.png */,
				498789EF1C2D409F0094AF32 /* AppDelegate.h */,
				498789F01C2D409F0094AF32 /* AppDelegate.m */,
				492F46431C2E887F001643CA /* pag.1 */,
				498789F21C2D409F0094AF32 /* ViewController.h */,
				498789F31C2D409F0094AF32 /* ViewController.m */,
				492F46401C2E855B001643CA /* pag.2 */,
				492F46421C2E8818001643CA /* pag.3 */,
				49878A5E1C2D74EE0094AF32 /* Contacts.plist */,
				498789F51C2D409F0094AF32 /* Main.storyboard */,
				498789F81C2D409F0094AF32 /* Assets.xcassets */,
				498789FA1C2D409F0094AF32 /* LaunchScreen.storyboard */,
				498789FD1C2D409F0094AF32 /* Info.plist */,
				498789EC1C2D409F0094AF32 /* Supporting Files */,
			);
			path = "UI_分区练习";
			sourceTree = "<group>";
		};
		498789EC1C2D409F0094AF32 /* Supporting Files */ = {
			isa = PBXGroup;
			children = (
				498789ED1C2D409F0094AF32 /* main.m */,
			);
			name = "Supporting Files";
			sourceTree = "<group>";
		};
		49878A051C2D409F0094AF32 /* UI_分区练习Tests */ = {
			isa = PBXGroup;
			children = (
				49878A061C2D409F0094AF32 /* UI_____Tests.m */,
				49878A081C2D409F0094AF32 /* Info.plist */,
			);
			path = "UI_分区练习Tests";
			sourceTree = "<group>";
		};
		49878A101C2D409F0094AF32 /* UI_分区练习UITests */ = {
			isa = PBXGroup;
			children = (
				49878A111C2D409F0094AF32 /* UI_____UITests.m */,
				49878A131C2D409F0094AF32 /* Info.plist */,
			);
			path = "UI_分区练习UITests";
			sourceTree = "<group>";
		};
		F3D3E86C1C2F0E5700F35131 /* 卡通头像 */ = {
			isa = PBXGroup;
			children = (
				F3D3E86E1C2F0E5700F35131 /* 11.jpg */,
				F3D3E89B1C2F11DC00F35131 /* 10.jpg */,
				F3D3E86F1C2F0E5700F35131 /* 12.jpg */,
				F3D3E8701C2F0E5700F35131 /* 19.jpg */,
				F3D3E8711C2F0E5700F35131 /* 20.jpg */,
				F3D3E89D1C2F12C800F35131 /* 66.jpg */,
				F3D3E8721C2F0E5700F35131 /* 29.jpg */,
				491F0FCA1C2FE8E800A24AF0 /* 58.jpg */,
				F3D3E8731C2F0E5700F35131 /* 35.jpg */,
				F3D3E8741C2F0E5700F35131 /* 37.jpg */,
				F3D3E8751C2F0E5700F35131 /* 38.jpg */,
				F3D3E8761C2F0E5700F35131 /* 40.jpg */,
				F3D3E8771C2F0E5700F35131 /* 44.jpg */,
				F3D3E8781C2F0E5700F35131 /* 45.jpg */,
				F3D3E8791C2F0E5700F35131 /* 51.jpg */,
				F3D3E87A1C2F0E5700F35131 /* 52.jpg */,
				F3D3E87B1C2F0E5700F35131 /* 54.jpg */,
				F3D3E87C1C2F0E5700F35131 /* 59.jpg */,
				F3D3E87D1C2F0E5700F35131 /* 60.jpg */,
				F3D3E87E1C2F0E5700F35131 /* 61.jpg */,
				F3D3E87F1C2F0E5700F35131 /* 62.jpg */,
				F3D3E8801C2F0E5700F35131 /* 63.jpg */,
				F3D3E8811C2F0E5700F35131 /* 65.jpg */,
				F3D3E8821C2F0E5700F35131 /* 67.jpg */,
				F3D3E8831C2F0E5700F35131 /* 68.jpg */,
			);
			path = "卡通头像";
			sourceTree = "<group>";
		};
/* End PBXGroup section */

/* Begin PBXNativeTarget section */
		498789E81C2D409F0094AF32 /* UI_分区练习 */ = {
			isa = PBXNativeTarget;
			buildConfigurationList = 49878A161C2D409F0094AF32 /* Build configuration list for PBXNativeTarget "UI_分区练习" */;
			buildPhases = (
				498789E51C2D409F0094AF32 /* Sources */,
				498789E61C2D409F0094AF32 /* Frameworks */,
				498789E71C2D409F0094AF32 /* Resources */,
			);
			buildRules = (
			);
			dependencies = (
			);
			name = "UI_分区练习";
			productName = "UI_分区练习";
			productReference = 498789E91C2D409F0094AF32 /* UI_分区练习.app */;
			productType = "com.apple.product-type.application";
		};
		49878A011C2D409F0094AF32 /* UI_分区练习Tests */ = {
			isa = PBXNativeTarget;
			buildConfigurationList = 49878A191C2D409F0094AF32 /* Build configuration list for PBXNativeTarget "UI_分区练习Tests" */;
			buildPhases = (
				498789FE1C2D409F0094AF32 /* Sources */,
				498789FF1C2D409F0094AF32 /* Frameworks */,
				49878A001C2D409F0094AF32 /* Resources */,
			);
			buildRules = (
			);
			dependencies = (
				49878A041C2D409F0094AF32 /* PBXTargetDependency */,
			);
			name = "UI_分区练习Tests";
			productName = "UI_分区练习Tests";
			productReference = 49878A021C2D409F0094AF32 /* UI_分区练习Tests.xctest */;
			productType = "com.apple.product-type.bundle.unit-test";
		};
		49878A0C1C2D409F0094AF32 /* UI_分区练习UITests */ = {
			isa = PBXNativeTarget;
			buildConfigurationList = 49878A1C1C2D409F0094AF32 /* Build configuration list for PBXNativeTarget "UI_分区练习UITests" */;
			buildPhases = (
				49878A091C2D409F0094AF32 /* Sources */,
				49878A0A1C2D409F0094AF32 /* Frameworks */,
				49878A0B1C2D409F0094AF32 /* Resources */,
			);
			buildRules = (
			);
			dependencies = (
				49878A0F1C2D409F0094AF32 /* PBXTargetDependency */,
			);
			name = "UI_分区练习UITests";
			productName = "UI_分区练习UITests";
			productReference = 49878A0D1C2D409F0094AF32 /* UI_分区练习UITests.xctest */;
			productType = "com.apple.product-type.bundle.ui-testing";
		};
/* End PBXNativeTarget section */

/* Begin PBXProject section */
		498789E11C2D409F0094AF32 /* Project object */ = {
			isa = PBXProject;
			attributes = {
				LastUpgradeCheck = 0710;
				ORGANIZATIONNAME = "doll-61";
				TargetAttributes = {
					498789E81C2D409F0094AF32 = {
						CreatedOnToolsVersion = 7.1;
					};
					49878A011C2D409F0094AF32 = {
						CreatedOnToolsVersion = 7.1;
						TestTargetID = 498789E81C2D409F0094AF32;
					};
					49878A0C1C2D409F0094AF32 = {
						CreatedOnToolsVersion = 7.1;
						TestTargetID = 498789E81C2D409F0094AF32;
					};
				};
			};
			buildConfigurationList = 498789E41C2D409F0094AF32 /* Build configuration list for PBXProject "UI_分区练习" */;
			compatibilityVersion = "Xcode 3.2";
			developmentRegion = English;
			hasScannedForEncodings = 0;
			knownRegions = (
				en,
				Base,
			);
			mainGroup = 498789E01C2D409F0094AF32;
			productRefGroup = 498789EA1C2D409F0094AF32 /* Products */;
			projectDirPath = "";
			projectRoot = "";
			targets = (
				498789E81C2D409F0094AF32 /* UI_分区练习 */,
				49878A011C2D409F0094AF32 /* UI_分区练习Tests */,
				49878A0C1C2D409F0094AF32 /* UI_分区练习UITests */,
			);
		};
/* End PBXProject section */

/* Begin PBXResourcesBuildPhase section */
		498789E71C2D409F0094AF32 /* Resources */ = {
			isa = PBXResourcesBuildPhase;
			buildActionMask = 2147483647;
			files = (
				F3D3E8981C2F0E5700F35131 /* 65.jpg in Resources */,
				F3D3E8901C2F0E5700F35131 /* 51.jpg in Resources */,
				491F0FCB1C2FE8E800A24AF0 /* 58.jpg in Resources */,
				F3D3E88E1C2F0E5700F35131 /* 44.jpg in Resources */,
				F3D3E88F1C2F0E5700F35131 /* 45.jpg in Resources */,
				F3D3E88B1C2F0E5700F35131 /* 37.jpg in Resources */,
				F3D3E88C1C2F0E5700F35131 /* 38.jpg in Resources */,
				F3D3E8961C2F0E5700F35131 /* 62.jpg in Resources */,
				498789FC1C2D409F0094AF32 /* LaunchScreen.storyboard in Resources */,
				F3D3E88D1C2F0E5700F35131 /* 40.jpg in Resources */,
				F3D3E8941C2F0E5700F35131 /* 60.jpg in Resources */,
				F3D3E8971C2F0E5700F35131 /* 63.jpg in Resources */,
				F3D3E8931C2F0E5700F35131 /* 59.jpg in Resources */,
				498789F91C2D409F0094AF32 /* Assets.xcassets in Resources */,
				F3D3E8891C2F0E5700F35131 /* 29.jpg in Resources */,
				F3D3E89C1C2F11DC00F35131 /* 10.jpg in Resources */,
				F3D3E89E1C2F12C800F35131 /* 66.jpg in Resources */,
				F3D3E8911C2F0E5700F35131 /* 52.jpg in Resources */,
				F3D3E8851C2F0E5700F35131 /* 11.jpg in Resources */,
				F3D3E8881C2F0E5700F35131 /* 20.jpg in Resources */,
				F3D3E8951C2F0E5700F35131 /* 61.jpg in Resources */,
				498789F71C2D409F0094AF32 /* Main.storyboard in Resources */,
				492F463B1C2E6F46001643CA /* t2.jpg in Resources */,
				F3D3E8A01C2F146A00F35131 /* u.png in Resources */,
				F3D3E88A1C2F0E5700F35131 /* 35.jpg in Resources */,
				F3D3E89A1C2F0E5700F35131 /* 68.jpg in Resources */,
				F3D3E8861C2F0E5700F35131 /* 12.jpg in Resources */,
				49878A5F1C2D74EF0094AF32 /* Contacts.plist in Resources */,
				F3D3E8991C2F0E5700F35131 /* 67.jpg in Resources */,
				F3D3E8871C2F0E5700F35131 /* 19.jpg in Resources */,
				F3D3E8921C2F0E5700F35131 /* 54.jpg in Resources */,
				492F463D1C2E7D38001643CA /* b.png in Resources */,
			);
			runOnlyForDeploymentPostprocessing = 0;
		};
		49878A001C2D409F0094AF32 /* Resources */ = {
			isa = PBXResourcesBuildPhase;
			buildActionMask = 2147483647;
			files = (
			);
			runOnlyForDeploymentPostprocessing = 0;
		};
		49878A0B1C2D409F0094AF32 /* Resources */ = {
			isa = PBXResourcesBuildPhase;
			buildActionMask = 2147483647;
			files = (
			);
			runOnlyForDeploymentPostprocessing = 0;
		};
/* End PBXResourcesBuildPhase section */

/* Begin PBXSourcesBuildPhase section */
		498789E51C2D409F0094AF32 /* Sources */ = {
			isa = PBXSourcesBuildPhase;
			buildActionMask = 2147483647;
			files = (
				498789F41C2D409F0094AF32 /* ViewController.m in Sources */,
				492F45611C2E1F63001643CA /* ThirdController.m in Sources */,
				49878A621C2D7E600094AF32 /* SecondController.m in Sources */,
				498789F11C2D409F0094AF32 /* AppDelegate.m in Sources */,
				498789EE1C2D409F0094AF32 /* main.m in Sources */,
				F3FC8F341C2D9CE1006C302A /* LTView.m in Sources */,
			);
			runOnlyForDeploymentPostprocessing = 0;
		};
		498789FE1C2D409F0094AF32 /* Sources */ = {
			isa = PBXSourcesBuildPhase;
			buildActionMask = 2147483647;
			files = (
				49878A071C2D409F0094AF32 /* UI_____Tests.m in Sources */,
			);
			runOnlyForDeploymentPostprocessing = 0;
		};
		49878A091C2D409F0094AF32 /* Sources */ = {
			isa = PBXSourcesBuildPhase;
			buildActionMask = 2147483647;
			files = (
				49878A121C2D409F0094AF32 /* UI_____UITests.m in Sources */,
			);
			runOnlyForDeploymentPostprocessing = 0;
		};
/* End PBXSourcesBuildPhase section */

/* Begin PBXTargetDependency section */
		49878A041C2D409F0094AF32 /* PBXTargetDependency */ = {
			isa = PBXTargetDependency;
			target = 498789E81C2D409F0094AF32 /* UI_分区练习 */;
			targetProxy = 49878A031C2D409F0094AF32 /* PBXContainerItemProxy */;
		};
		49878A0F1C2D409F0094AF32 /* PBXTargetDependency */ = {
			isa = PBXTargetDependency;
			target = 498789E81C2D409F0094AF32 /* UI_分区练习 */;
			targetProxy = 49878A0E1C2D409F0094AF32 /* PBXContainerItemProxy */;
		};
/* End PBXTargetDependency section */

/* Begin PBXVariantGroup section */
		498789F51C2D409F0094AF32 /* Main.storyboard */ = {
			isa = PBXVariantGroup;
			children = (
				498789F61C2D409F0094AF32 /* Base */,
			);
			name = Main.storyboard;
			sourceTree = "<group>";
		};
		498789FA1C2D409F0094AF32 /* LaunchScreen.storyboard */ = {
			isa = PBXVariantGroup;
			children = (
				498789FB1C2D409F0094AF32 /* Base */,
			);
			name = LaunchScreen.storyboard;
			sourceTree = "<group>";
		};
/* End PBXVariantGroup section */

/* Begin XCBuildConfiguration section */
		49878A141C2D409F0094AF32 /* Debug */ = {
			isa = XCBuildConfiguration;
			buildSettings = {
				ALWAYS_SEARCH_USER_PATHS = NO;
				CLANG_CXX_LANGUAGE_STANDARD = "gnu++0x";
				CLANG_CXX_LIBRARY = "libc++";
				CLANG_ENABLE_MODULES = YES;
				CLANG_ENABLE_OBJC_ARC = YES;
				CLANG_WARN_BOOL_CONVERSION = YES;
				CLANG_WARN_CONSTANT_CONVERSION = YES;
				CLANG_WARN_DIRECT_OBJC_ISA_USAGE = YES_ERROR;
				CLANG_WARN_EMPTY_BODY = YES;
				CLANG_WARN_ENUM_CONVERSION = YES;
				CLANG_WARN_INT_CONVERSION = YES;
				CLANG_WARN_OBJC_ROOT_CLASS = YES_ERROR;
				CLANG_WARN_UNREACHABLE_CODE = YES;
				CLANG_WARN__DUPLICATE_METHOD_MATCH = YES;
				"CODE_SIGN_IDENTITY[sdk=iphoneos*]" = "iPhone Developer";
				COPY_PHASE_STRIP = NO;
				DEBUG_INFORMATION_FORMAT = dwarf;
				ENABLE_STRICT_OBJC_MSGSEND = YES;
				ENABLE_TESTABILITY = YES;
				GCC_C_LANGUAGE_STANDARD = gnu99;
				GCC_DYNAMIC_NO_PIC = NO;
				GCC_NO_COMMON_BLOCKS = YES;
				GCC_OPTIMIZATION_LEVEL = 0;
				GCC_PREPROCESSOR_DEFINITIONS = (
					"DEBUG=1",
					"$(inherited)",
				);
				GCC_WARN_64_TO_32_BIT_CONVERSION = YES;
				GCC_WARN_ABOUT_RETURN_TYPE = YES_ERROR;
				GCC_WARN_UNDECLARED_SELECTOR = YES;
				GCC_WARN_UNINITIALIZED_AUTOS = YES_AGGRESSIVE;
				GCC_WARN_UNUSED_FUNCTION = YES;
				GCC_WARN_UNUSED_VARIABLE = YES;
				IPHONEOS_DEPLOYMENT_TARGET = 9.1;
				MTL_ENABLE_DEBUG_INFO = YES;
				ONLY_ACTIVE_ARCH = YES;
				SDKROOT = iphoneos;
			};
			name = Debug;
		};
		49878A151C2D409F0094AF32 /* Release */ = {
			isa = XCBuildConfiguration;
			buildSettings = {
				ALWAYS_SEARCH_USER_PATHS = NO;
				CLANG_CXX_LANGUAGE_STANDARD = "gnu++0x";
				CLANG_CXX_LIBRARY = "libc++";
				CLANG_ENABLE_MODULES = YES;
				CLANG_ENABLE_OBJC_ARC = YES;
				CLANG_WARN_BOOL_CONVERSION = YES;
				CLANG_WARN_CONSTANT_CONVERSION = YES;
				CLANG_WARN_DIRECT_OBJC_ISA_USAGE = YES_ERROR;
				CLANG_WARN_EMPTY_BODY = YES;
				CLANG_WARN_ENUM_CONVERSION = YES;
				CLANG_WARN_INT_CONVERSION = YES;
				CLANG_WARN_OBJC_ROOT_CLASS = YES_ERROR;
				CLANG_WARN_UNREACHABLE_CODE = YES;
				CLANG_WARN__DUPLICATE_METHOD_MATCH = YES;
				"CODE_SIGN_IDENTITY[sdk=iphoneos*]" = "iPhone Developer";
				COPY_PHASE_STRIP = NO;
				DEBUG_INFORMATION_FORMAT = "dwarf-with-dsym";
				ENABLE_NS_ASSERTIONS = NO;
				ENABLE_STRICT_OBJC_MSGSEND = YES;
				GCC_C_LANGUAGE_STANDARD = gnu99;
				GCC_NO_COMMON_BLOCKS = YES;
				GCC_WARN_64_TO_32_BIT_CONVERSION = YES;
				GCC_WARN_ABOUT_RETURN_TYPE = YES_ERROR;
				GCC_WARN_UNDECLARED_SELECTOR = YES;
				GCC_WARN_UNINITIALIZED_AUTOS = YES_AGGRESSIVE;
				GCC_WARN_UNUSED_FUNCTION = YES;
				GCC_WARN_UNUSED_VARIABLE = YES;
				IPHONEOS_DEPLOYMENT_TARGET = 9.1;
				MTL_ENABLE_DEBUG_INFO = NO;
				SDKROOT = iphoneos;
				VALIDATE_PRODUCT = YES;
			};
			name = Release;
		};
		49878A171C2D409F0094AF32 /* Debug */ = {
			isa = XCBuildConfiguration;
			buildSettings = {
				ASSETCATALOG_COMPILER_APPICON_NAME = AppIcon;
				CLANG_ENABLE_OBJC_ARC = NO;
				INFOPLIST_FILE = "UI_分区练习/Info.plist";
				LD_RUNPATH_SEARCH_PATHS = "$(inherited) @executable_path/Frameworks";
				PRODUCT_BUNDLE_IDENTIFIER = "com.lanou3g.UI-----";
				PRODUCT_NAME = "$(TARGET_NAME)";
			};
			name = Debug;
		};
		49878A181C2D409F0094AF32 /* Release */ = {
			isa = XCBuildConfiguration;
			buildSettings = {
				ASSETCATALOG_COMPILER_APPICON_NAME = AppIcon;
				CLANG_ENABLE_OBJC_ARC = NO;
				INFOPLIST_FILE = "UI_分区练习/Info.plist";
				LD_RUNPATH_SEARCH_PATHS = "$(inherited) @executable_path/Frameworks";
				PRODUCT_BUNDLE_IDENTIFIER = "com.lanou3g.UI-----";
				PRODUCT_NAME = "$(TARGET_NAME)";
			};
			name = Release;
		};
		49878A1A1C2D409F0094AF32 /* Debug */ = {
			isa = XCBuildConfiguration;
			buildSettings = {
				BUNDLE_LOADER = "$(TEST_HOST)";
				INFOPLIST_FILE = "UI_分区练习Tests/Info.plist";
				LD_RUNPATH_SEARCH_PATHS = "$(inherited) @executable_path/Frameworks @loader_path/Frameworks";
				PRODUCT_BUNDLE_IDENTIFIER = "com.lanou3g.UI-----Tests";
				PRODUCT_NAME = "$(TARGET_NAME)";
				TEST_HOST = "$(BUILT_PRODUCTS_DIR)/UI_分区练习.app/UI_分区练习";
			};
			name = Debug;
		};
		49878A1B1C2D409F0094AF32 /* Release */ = {
			isa = XCBuildConfiguration;
			buildSettings = {
				BUNDLE_LOADER = "$(TEST_HOST)";
				INFOPLIST_FILE = "UI_分区练习Tests/Info.plist";
				LD_RUNPATH_SEARCH_PATHS = "$(inherited) @executable_path/Frameworks @loader_path/Frameworks";
				PRODUCT_BUNDLE_IDENTIFIER = "com.lanou3g.UI-----Tests";
				PRODUCT_NAME = "$(TARGET_NAME)";
				TEST_HOST = "$(BUILT_PRODUCTS_DIR)/UI_分区练习.app/UI_分区练习";
			};
			name = Release;
		};
		49878A1D1C2D409F0094AF32 /* Debug */ = {
			isa = XCBuildConfiguration;
			buildSettings = {
				INFOPLIST_FILE = "UI_分区练习UITests/Info.plist";
				LD_RUNPATH_SEARCH_PATHS = "$(inherited) @executable_path/Frameworks @loader_path/Frameworks";
				PRODUCT_BUNDLE_IDENTIFIER = "com.lanou3g.UI-----UITests";
				PRODUCT_NAME = "$(TARGET_NAME)";
				TEST_TARGET_NAME = "UI_分区练习";
				USES_XCTRUNNER = YES;
			};
			name = Debug;
		};
		49878A1E1C2D409F0094AF32 /* Release */ = {
			isa = XCBuildConfiguration;
			buildSettings = {
				INFOPLIST_FILE = "UI_分区练习UITests/Info.plist";
				LD_RUNPATH_SEARCH_PATHS = "$(inherited) @executable_path/Frameworks @loader_path/Frameworks";
				PRODUCT_BUNDLE_IDENTIFIER = "com.lanou3g.UI-----UITests";
				PRODUCT_NAME = "$(TARGET_NAME)";
				TEST_TARGET_NAME = "UI_分区练习";
				USES_XCTRUNNER = YES;
			};
			name = Release;
		};
/* End XCBuildConfiguration section */

/* Begin XCConfigurationList section */
		498789E41C2D409F0094AF32 /* Build configuration list for PBXProject "UI_分区练习" */ = {
			isa = XCConfigurationList;
			buildConfigurations = (
				49878A141C2D409F0094AF32 /* Debug */,
				49878A151C2D409F0094AF32 /* Release */,
			);
			defaultConfigurationIsVisible = 0;
			defaultConfigurationName = Release;
		};
		49878A161C2D409F0094AF32 /* Build configuration list for PBXNativeTarget "UI_分区练习" */ = {
			isa = XCConfigurationList;
			buildConfigurations = (
				49878A171C2D409F0094AF32 /* Debug */,
				49878A181C2D409F0094AF32 /* Release */,
			);
			defaultConfigurationIsVisible = 0;
			defaultConfigurationName = Release;
		};
		49878A191C2D409F0094AF32 /* Build configuration list for PBXNativeTarget "UI_分区练习Tests" */ = {
			isa = XCConfigurationList;
			buildConfigurations = (
				49878A1A1C2D409F0094AF32 /* Debug */,
				49878A1B1C2D409F0094AF32 /* Release */,
			);
			defaultConfigurationIsVisible = 0;
			defaultConfigurationName = Release;
		};
		49878A1C1C2D409F0094AF32 /* Build configuration list for PBXNativeTarget "UI_分区练习UITests" */ = {
			isa = XCConfigurationList;
			buildConfigurations = (
				49878A1D1C2D409F0094AF32 /* Debug */,
				49878A1E1C2D409F0094AF32 /* Release */,
			);
			defaultConfigurationIsVisible = 0;
			defaultConfigurationName = Release;
		};
/* End XCConfigurationList section */
	};
	rootObject = 498789E11C2D409F0094AF32 /* Project object */;
}
